
Microsoft Visual Studio Solution File, Format Version 12.00
# Visual Studio Version 17
VisualStudioVersion = 17.14.36623.8 d17.14
MinimumVisualStudioVersion = 10.0.40219.1
Project("{FAE04EC0-301F-11D3-BF4B-00C04F79EFBC}") = "Figures", "Figures\Figures.csproj", "{A1DD4A8D-7097-446C-B981-77276E6CBD0F}"
EndProject
Project("{FAE04EC0-301F-11D3-BF4B-00C04F79EFBC}") = "CompanyEmployees", "CompanyEmployees\CompanyEmployees.csproj", "{14BF5D49-4CBC-ECD7-2041-414E9114AD0D}"
EndProject
Project("{FAE04EC0-301F-11D3-BF4B-00C04F79EFBC}") = "DocAccountingSystem", "DocAccountingSystem\DocAccountingSystem.csproj", "{1E616C0F-02C9-4D24-BB4B-DB2F7A822205}"
EndProject
Global
	GlobalSection(SolutionConfigurationPlatforms) = preSolution
		Debug|Any CPU = Debug|Any CPU
		Release|Any CPU = Release|Any CPU
	EndGlobalSection
	GlobalSection(ProjectConfigurationPlatforms) = postSolution
		{A1DD4A8D-7097-446C-B981-77276E6CBD0F}.Debug|Any CPU.ActiveCfg = Debug|Any CPU
		{A1DD4A8D-7097-446C-B981-77276E6CBD0F}.Debug|Any CPU.Build.0 = Debug|Any CPU
		{A1DD4A8D-7097-446C-B981-77276E6CBD0F}.Release|Any CPU.ActiveCfg = Release|Any CPU
		{A1DD4A8D-7097-446C-B981-77276E6CBD0F}.Release|Any CPU.Build.0 = Release|Any CPU
		{14BF5D49-4CBC-ECD7-2041-414E9114AD0D}.Debug|Any CPU.ActiveCfg = Debug|Any CPU
		{14BF5D49-4CBC-ECD7-2041-414E9114AD0D}.Debug|Any CPU.Build.0 = Debug|Any CPU
		{14BF5D49-4CBC-ECD7-2041-414E9114AD0D}.Release|Any CPU.ActiveCfg = Release|Any CPU
		{14BF5D49-4CBC-ECD7-2041-414E9114AD0D}.Release|Any CPU.Build.0 = Release|Any CPU
		{1E616C0F-02C9-4D24-BB4B-DB2F7A822205}.Debug|Any CPU.ActiveCfg = Debug|Any CPU
		{1E616C0F-02C9-4D24-BB4B-DB2F7A822205}.Debug|Any CPU.Build.0 = Debug|Any CPU
		{1E616C0F-02C9-4D24-BB4B-DB2F7A822205}.Release|Any CPU.ActiveCfg = Release|Any CPU
		{1E616C0F-02C9-4D24-BB4B-DB2F7A822205}.Release|Any CPU.Build.0 = Release|Any CPU
	EndGlobalSection
	GlobalSection(SolutionProperties) = preSolution
		HideSolutionNode = FALSE
	EndGlobalSection
	GlobalSection(ExtensibilityGlobals) = postSolution
		SolutionGuid = {6F3400C7-32DD-4EE2-AD5F-B718AD7EB0A2}
	EndGlobalSection
EndGlobal
